// !$*UTF8*$!
{
	archiveVersion = 1;
	classes = {
	};
	objectVersion = 50;
	objects = {

/* Begin PBXBuildFile section */
		F50B8DA126D8121E0022F146 /* AppDelegate.swift in Sources */ = {isa = PBXBuildFile; fileRef = F50B8DA026D8121E0022F146 /* AppDelegate.swift */; };
		F50B8DA326D8121E0022F146 /* SceneDelegate.swift in Sources */ = {isa = PBXBuildFile; fileRef = F50B8DA226D8121E0022F146 /* SceneDelegate.swift */; };
		F50B8DA526D8121E0022F146 /* ViewController.swift in Sources */ = {isa = PBXBuildFile; fileRef = F50B8DA426D8121E0022F146 /* ViewController.swift */; };
		F50B8DA826D8121E0022F146 /* Main.storyboard in Resources */ = {isa = PBXBuildFile; fileRef = F50B8DA626D8121E0022F146 /* Main.storyboard */; };
		F50B8DAA26D812220022F146 /* Assets.xcassets in Resources */ = {isa = PBXBuildFile; fileRef = F50B8DA926D812220022F146 /* Assets.xcassets */; };
		F50B8DAD26D812220022F146 /* LaunchScreen.storyboard in Resources */ = {isa = PBXBuildFile; fileRef = F50B8DAB26D812220022F146 /* LaunchScreen.storyboard */; };
		F50B8DB626D814650022F146 /* FirstViewController.swift in Sources */ = {isa = PBXBuildFile; fileRef = F50B8DB526D814650022F146 /* FirstViewController.swift */; };
		F586A49726DC115900EF89DB /* ProductListViewController.swift in Sources */ = {isa = PBXBuildFile; fileRef = F586A49626DC115900EF89DB /* ProductListViewController.swift */; };
		F586A49A26DC118600EF89DB /* ProductView.swift in Sources */ = {isa = PBXBuildFile; fileRef = F586A49926DC118600EF89DB /* ProductView.swift */; };
		F586A49D26DC129200EF89DB /* Model.swift in Sources */ = {isa = PBXBuildFile; fileRef = F586A49C26DC129200EF89DB /* Model.swift */; };
		F586A4A026DC134F00EF89DB /* Data.swift in Sources */ = {isa = PBXBuildFile; fileRef = F586A49F26DC134F00EF89DB /* Data.swift */; };
/* End PBXBuildFile section */

/* Begin PBXFileReference section */
		F50B8D9D26D8121E0022F146 /* HW9-10.2.app */ = {isa = PBXFileReference; explicitFileType = wrapper.application; includeInIndex = 0; path = "HW9-10.2.app"; sourceTree = BUILT_PRODUCTS_DIR; };
		F50B8DA026D8121E0022F146 /* AppDelegate.swift */ = {isa = PBXFileReference; lastKnownFileType = sourcecode.swift; path = AppDelegate.swift; sourceTree = "<group>"; };
		F50B8DA226D8121E0022F146 /* SceneDelegate.swift */ = {isa = PBXFileReference; lastKnownFileType = sourcecode.swift; path = SceneDelegate.swift; sourceTree = "<group>"; };
		F50B8DA426D8121E0022F146 /* ViewController.swift */ = {isa = PBXFileReference; lastKnownFileType = sourcecode.swift; path = ViewController.swift; sourceTree = "<group>"; xcLanguageSpecificationIdentifier = xcode.lang.swift; };
		F50B8DA726D8121E0022F146 /* Base */ = {isa = PBXFileReference; lastKnownFileType = file.storyboard; name = Base; path = Base.lproj/Main.storyboard; sourceTree = "<group>"; };
		F50B8DA926D812220022F146 /* Assets.xcassets */ = {isa = PBXFileReference; lastKnownFileType = folder.assetcatalog; path = Assets.xcassets; sourceTree = "<group>"; };
		F50B8DAC26D812220022F146 /* Base */ = {isa = PBXFileReference; lastKnownFileType = file.storyboard; name = Base; path = Base.lproj/LaunchScreen.storyboard; sourceTree = "<group>"; };
		F50B8DAE26D812220022F146 /* Info.plist */ = {isa = PBXFileReference; lastKnownFileType = text.plist.xml; path = Info.plist; sourceTree = "<group>"; };
		F50B8DB526D814650022F146 /* FirstViewController.swift */ = {isa = PBXFileReference; lastKnownFileType = sourcecode.swift; path = FirstViewController.swift; sourceTree = "<group>"; };
		F586A49626DC115900EF89DB /* ProductListViewController.swift */ = {isa = PBXFileReference; lastKnownFileType = sourcecode.swift; path = ProductListViewController.swift; sourceTree = "<group>"; };
		F586A49926DC118600EF89DB /* ProductView.swift */ = {isa = PBXFileReference; lastKnownFileType = sourcecode.swift; path = ProductView.swift; sourceTree = "<group>"; };
		F586A49C26DC129200EF89DB /* Model.swift */ = {isa = PBXFileReference; lastKnownFileType = sourcecode.swift; path = Model.swift; sourceTree = "<group>"; };
		F586A49F26DC134F00EF89DB /* Data.swift */ = {isa = PBXFileReference; lastKnownFileType = sourcecode.swift; path = Data.swift; sourceTree = "<group>"; };
/* End PBXFileReference section */

/* Begin PBXFrameworksBuildPhase section */
		F50B8D9A26D8121E0022F146 /* Frameworks */ = {
			isa = PBXFrameworksBuildPhase;
			buildActionMask = 2147483647;
			files = (
			);
			runOnlyForDeploymentPostprocessing = 0;
		};
/* End PBXFrameworksBuildPhase section */

/* Begin PBXGroup section */
		F50B8D9426D8121E0022F146 = {
			isa = PBXGroup;
			children = (
				F50B8D9F26D8121E0022F146 /* HW9-10.2 */,
				F50B8D9E26D8121E0022F146 /* Products */,
			);
			sourceTree = "<group>";
		};
		F50B8D9E26D8121E0022F146 /* Products */ = {
			isa = PBXGroup;
			children = (
				F50B8D9D26D8121E0022F146 /* HW9-10.2.app */,
			);
			name = Products;
			sourceTree = "<group>";
		};
		F50B8D9F26D8121E0022F146 /* HW9-10.2 */ = {
			isa = PBXGroup;
			children = (
				F50B8DA026D8121E0022F146 /* AppDelegate.swift */,
				F50B8DA226D8121E0022F146 /* SceneDelegate.swift */,
				F50B8DA426D8121E0022F146 /* ViewController.swift */,
				F50B8DB526D814650022F146 /* FirstViewController.swift */,
				F50B8DA626D8121E0022F146 /* Main.storyboard */,
				F586A49626DC115900EF89DB /* ProductListViewController.swift */,
				F586A49F26DC134F00EF89DB /* Data.swift */,
				F586A49C26DC129200EF89DB /* Model.swift */,
				F586A49926DC118600EF89DB /* ProductView.swift */,
				F50B8DA926D812220022F146 /* Assets.xcassets */,
				F50B8DAB26D812220022F146 /* LaunchScreen.storyboard */,
				F50B8DAE26D812220022F146 /* Info.plist */,
			);
			path = "HW9-10.2";
			sourceTree = "<group>";
		};
/* End PBXGroup section */

/* Begin PBXNativeTarget section */
		F50B8D9C26D8121E0022F146 /* HW9-10.2 */ = {
			isa = PBXNativeTarget;
			buildConfigurationList = F50B8DB126D812220022F146 /* Build configuration list for PBXNativeTarget "HW9-10.2" */;
			buildPhases = (
				F50B8D9926D8121E0022F146 /* Sources */,
				F50B8D9A26D8121E0022F146 /* Frameworks */,
				F50B8D9B26D8121E0022F146 /* Resources */,
			);
			buildRules = (
			);
			dependencies = (
			);
			name = "HW9-10.2";
			productName = "HW9-10.2";
			productReference = F50B8D9D26D8121E0022F146 /* HW9-10.2.app */;
			productType = "com.apple.product-type.application";
		};
/* End PBXNativeTarget section */

/* Begin PBXProject section */
		F50B8D9526D8121E0022F146 /* Project object */ = {
			isa = PBXProject;
			attributes = {
				LastSwiftUpdateCheck = 1220;
				LastUpgradeCheck = 1220;
				TargetAttributes = {
					F50B8D9C26D8121E0022F146 = {
						CreatedOnToolsVersion = 12.2;
					};
				};
			};
			buildConfigurationList = F50B8D9826D8121E0022F146 /* Build configuration list for PBXProject "HW9-10.2" */;
			compatibilityVersion = "Xcode 9.3";
			developmentRegion = en;
			hasScannedForEncodings = 0;
			knownRegions = (
				en,
				Base,
			);
			mainGroup = F50B8D9426D8121E0022F146;
			productRefGroup = F50B8D9E26D8121E0022F146 /* Products */;
			projectDirPath = "";
			projectRoot = "";
			targets = (
				F50B8D9C26D8121E0022F146 /* HW9-10.2 */,
			);
		};
/* End PBXProject section */

/* Begin PBXResourcesBuildPhase section */
		F50B8D9B26D8121E0022F146 /* Resources */ = {
			isa = PBXResourcesBuildPhase;
			buildActionMask = 2147483647;
			files = (
				F50B8DAD26D812220022F146 /* LaunchScreen.storyboard in Resources */,
				F50B8DAA26D812220022F146 /* Assets.xcassets in Resources */,
				F50B8DA826D8121E0022F146 /* Main.storyboard in Resources */,
			);
			runOnlyForDeploymentPostprocessing = 0;
		};
/* End PBXResourcesBuildPhase section */

/* Begin PBXSourcesBuildPhase section */
		F50B8D9926D8121E0022F146 /* Sources */ = {
			isa = PBXSourcesBuildPhase;
			buildActionMask = 2147483647;
			files = (
				F586A49D26DC129200EF89DB /* Model.swift in Sources */,
				F50B8DA526D8121E0022F146 /* ViewController.swift in Sources */,
				F50B8DA126D8121E0022F146 /* AppDelegate.swift in Sources */,
				F586A49726DC115900EF89DB /* ProductListViewController.swift in Sources */,
				F50B8DA326D8121E0022F146 /* SceneDelegate.swift in Sources */,
				F586A49A26DC118600EF89DB /* ProductView.swift in Sources */,
				F50B8DB626D814650022F146 /* FirstViewController.swift in Sources */,
				F586A4A026DC134F00EF89DB /* Data.swift in Sources */,
			);
			runOnlyForDeploymentPostprocessing = 0;
		};
/* End PBXSourcesBuildPhase section */

/* Begin PBXVariantGroup section */
		F50B8DA626D8121E0022F146 /* Main.storyboard */ = {
			isa = PBXVariantGroup;
			children = (
				F50B8DA726D8121E0022F146 /* Base */,
			);
			name = Main.storyboard;
			sourceTree = "<group>";
		};
		F50B8DAB26D812220022F146 /* LaunchScreen.storyboard */ = {
			isa = PBXVariantGroup;
			children = (
				F50B8DAC26D812220022F146 /* Base */,
			);
			name = LaunchScreen.storyboard;
			sourceTree = "<group>";
		};
/* End PBXVariantGroup section */

/* Begin XCBuildConfiguration section */
		F50B8DAF26D812220022F146 /* Debug */ = {
			isa = XCBuildConfiguration;
			buildSettings = {
				ALWAYS_SEARCH_USER_PATHS = NO;
				CLANG_ANALYZER_NONNULL = YES;
				CLANG_ANALYZER_NUMBER_OBJECT_CONVERSION = YES_AGGRESSIVE;
				CLANG_CXX_LANGUAGE_STANDARD = "gnu++14";
				CLANG_CXX_LIBRARY = "libc++";
				CLANG_ENABLE_MODULES = YES;
				CLANG_ENABLE_OBJC_ARC = YES;
				CLANG_ENABLE_OBJC_WEAK = YES;
				CLANG_WARN_BLOCK_CAPTURE_AUTORELEASING = YES;
				CLANG_WARN_BOOL_CONVERSION = YES;
				CLANG_WARN_COMMA = YES;
				CLANG_WARN_CONSTANT_CONVERSION = YES;
				CLANG_WARN_DEPRECATED_OBJC_IMPLEMENTATIONS = YES;
				CLANG_WARN_DIRECT_OBJC_ISA_USAGE = YES_ERROR;
				CLANG_WARN_DOCUMENTATION_COMMENTS = YES;
				CLANG_WARN_EMPTY_BODY = YES;
				CLANG_WARN_ENUM_CONVERSION = YES;
				CLANG_WARN_INFINITE_RECURSION = YES;
				CLANG_WARN_INT_CONVERSION = YES;
				CLANG_WARN_NON_LITERAL_NULL_CONVERSION = YES;
				CLANG_WARN_OBJC_IMPLICIT_RETAIN_SELF = YES;
				CLANG_WARN_OBJC_LITERAL_CONVERSION = YES;
				CLANG_WARN_OBJC_ROOT_CLASS = YES_ERROR;
				CLANG_WARN_QUOTED_INCLUDE_IN_FRAMEWORK_HEADER = YES;
				CLANG_WARN_RANGE_LOOP_ANALYSIS = YES;
				CLANG_WARN_STRICT_PROTOTYPES = YES;
				CLANG_WARN_SUSPICIOUS_MOVE = YES;
				CLANG_WARN_UNGUARDED_AVAILABILITY = YES_AGGRESSIVE;
				CLANG_WARN_UNREACHABLE_CODE = YES;
				CLANG_WARN__DUPLICATE_METHOD_MATCH = YES;
				COPY_PHASE_STRIP = NO;
				DEBUG_INFORMATION_FORMAT = dwarf;
				ENABLE_STRICT_OBJC_MSGSEND = YES;
				ENABLE_TESTABILITY = YES;
				GCC_C_LANGUAGE_STANDARD = gnu11;
				GCC_DYNAMIC_NO_PIC = NO;
				GCC_NO_COMMON_BLOCKS = YES;
				GCC_OPTIMIZATION_LEVEL = 0;
				GCC_PREPROCESSOR_DEFINITIONS = (
					"DEBUG=1",
					"$(inherited)",
				);
				GCC_WARN_64_TO_32_BIT_CONVERSION = YES;
				GCC_WARN_ABOUT_RETURN_TYPE = YES_ERROR;
				GCC_WARN_UNDECLARED_SELECTOR = YES;
				GCC_WARN_UNINITIALIZED_AUTOS = YES_AGGRESSIVE;
				GCC_WARN_UNUSED_FUNCTION = YES;
				GCC_WARN_UNUSED_VARIABLE = YES;
				IPHONEOS_DEPLOYMENT_TARGET = 14.2;
				MTL_ENABLE_DEBUG_INFO = INCLUDE_SOURCE;
				MTL_FAST_MATH = YES;
				ONLY_ACTIVE_ARCH = YES;
				SDKROOT = iphoneos;
				SWIFT_ACTIVE_COMPILATION_CONDITIONS = DEBUG;
				SWIFT_OPTIMIZATION_LEVEL = "-Onone";
			};
			name = Debug;
		};
		F50B8DB026D812220022F146 /* Release */ = {
			isa = XCBuildConfiguration;
			buildSettings = {
				ALWAYS_SEARCH_USER_PATHS = NO;
				CLANG_ANALYZER_NONNULL = YES;
				CLANG_ANALYZER_NUMBER_OBJECT_CONVERSION = YES_AGGRESSIVE;
				CLANG_CXX_LANGUAGE_STANDARD = "gnu++14";
				CLANG_CXX_LIBRARY = "libc++";
				CLANG_ENABLE_MODULES = YES;
				CLANG_ENABLE_OBJC_ARC = YES;
				CLANG_ENABLE_OBJC_WEAK = YES;
				CLANG_WARN_BLOCK_CAPTURE_AUTORELEASING = YES;
				CLANG_WARN_BOOL_CONVERSION = YES;
				CLANG_WARN_COMMA = YES;
				CLANG_WARN_CONSTANT_CONVERSION = YES;
				CLANG_WARN_DEPRECATED_OBJC_IMPLEMENTATIONS = YES;
				CLANG_WARN_DIRECT_OBJC_ISA_USAGE = YES_ERROR;
				CLANG_WARN_DOCUMENTATION_COMMENTS = YES;
				CLANG_WARN_EMPTY_BODY = YES;
				CLANG_WARN_ENUM_CONVERSION = YES;
				CLANG_WARN_INFINITE_RECURSION = YES;
				CLANG_WARN_INT_CONVERSION = YES;
				CLANG_WARN_NON_LITERAL_NULL_CONVERSION = YES;
				CLANG_WARN_OBJC_IMPLICIT_RETAIN_SELF = YES;
				CLANG_WARN_OBJC_LITERAL_CONVERSION = YES;
				CLANG_WARN_OBJC_ROOT_CLASS = YES_ERROR;
				CLANG_WARN_QUOTED_INCLUDE_IN_FRAMEWORK_HEADER = YES;
				CLANG_WARN_RANGE_LOOP_ANALYSIS = YES;
				CLANG_WARN_STRICT_PROTOTYPES = YES;
				CLANG_WARN_SUSPICIOUS_MOVE = YES;
				CLANG_WARN_UNGUARDED_AVAILABILITY = YES_AGGRESSIVE;
				CLANG_WARN_UNREACHABLE_CODE = YES;
				CLANG_WARN__DUPLICATE_METHOD_MATCH = YES;
				COPY_PHASE_STRIP = NO;
				DEBUG_INFORMATION_FORMAT = "dwarf-with-dsym";
				ENABLE_NS_ASSERTIONS = NO;
				ENABLE_STRICT_OBJC_MSGSEND = YES;
				GCC_C_LANGUAGE_STANDARD = gnu11;
				GCC_NO_COMMON_BLOCKS = YES;
				GCC_WARN_64_TO_32_BIT_CONVERSION = YES;
				GCC_WARN_ABOUT_RETURN_TYPE = YES_ERROR;
				GCC_WARN_UNDECLARED_SELECTOR = YES;
				GCC_WARN_UNINITIALIZED_AUTOS = YES_AGGRESSIVE;
				GCC_WARN_UNUSED_FUNCTION = YES;
				GCC_WARN_UNUSED_VARIABLE = YES;
				IPHONEOS_DEPLOYMENT_TARGET = 14.2;
				MTL_ENABLE_DEBUG_INFO = NO;
				MTL_FAST_MATH = YES;
				SDKROOT = iphoneos;
				SWIFT_COMPILATION_MODE = wholemodule;
				SWIFT_OPTIMIZATION_LEVEL = "-O";
				VALIDATE_PRODUCT = YES;
			};
			name = Release;
		};
		F50B8DB226D812220022F146 /* Debug */ = {
			isa = XCBuildConfiguration;
			buildSettings = {
				ASSETCATALOG_COMPILER_APPICON_NAME = AppIcon;
				ASSETCATALOG_COMPILER_GLOBAL_ACCENT_COLOR_NAME = AccentColor;
				CODE_SIGN_STYLE = Automatic;
				DEVELOPMENT_TEAM = 4CY94PJB8M;
				INFOPLIST_FILE = "HW9-10.2/Info.plist";
				LD_RUNPATH_SEARCH_PATHS = (
					"$(inherited)",
					"@executable_path/Frameworks",
				);
				PRODUCT_BUNDLE_IDENTIFIER = "Vlad.HW9-10-2";
				PRODUCT_NAME = "$(TARGET_NAME)";
				SWIFT_VERSION = 5.0;
				TARGETED_DEVICE_FAMILY = "1,2";
			};
			name = Debug;
		};
		F50B8DB326D812220022F146 /* Release */ = {
			isa = XCBuildConfiguration;
			buildSettings = {
				ASSETCATALOG_COMPILER_APPICON_NAME = AppIcon;
				ASSETCATALOG_COMPILER_GLOBAL_ACCENT_COLOR_NAME = AccentColor;
				CODE_SIGN_STYLE = Automatic;
				DEVELOPMENT_TEAM = 4CY94PJB8M;
				INFOPLIST_FILE = "HW9-10.2/Info.plist";
				LD_RUNPATH_SEARCH_PATHS = (
					"$(inherited)",
					"@executable_path/Frameworks",
				);
				PRODUCT_BUNDLE_IDENTIFIER = "Vlad.HW9-10-2";
				PRODUCT_NAME = "$(TARGET_NAME)";
				SWIFT_VERSION = 5.0;
				TARGETED_DEVICE_FAMILY = "1,2";
			};
			name = Release;
		};
/* End XCBuildConfiguration section */

/* Begin XCConfigurationList section */
		F50B8D9826D8121E0022F146 /* Build configuration list for PBXProject "HW9-10.2" */ = {
			isa = XCConfigurationList;
			buildConfigurations = (
				F50B8DAF26D812220022F146 /* Debug */,
				F50B8DB026D812220022F146 /* Release */,
			);
			defaultConfigurationIsVisible = 0;
			defaultConfigurationName = Release;
		};
		F50B8DB126D812220022F146 /* Build configuration list for PBXNativeTarget "HW9-10.2" */ = {
			isa = XCConfigurationList;
			buildConfigurations = (
				F50B8DB226D812220022F146 /* Debug */,
				F50B8DB326D812220022F146 /* Release */,
			);
			defaultConfigurationIsVisible = 0;
			defaultConfigurationName = Release;
		};
/* End XCConfigurationList section */
	};
	rootObject = F50B8D9526D8121E0022F146 /* Project object */;
}
